
Microsoft Visual Studio Solution File, Format Version 12.00
# Visual Studio 15
VisualStudioVersion = 15.0.28010.2026
MinimumVisualStudioVersion = 10.0.40219.1
Project("{FAE04EC0-301F-11D3-BF4B-00C04F79EFBC}") = "K_Systems.Data", "K_Systems.Data\K_Systems.Data.csproj", "{FB1DB4D0-5E60-4017-88E1-6431018CAAC8}"
EndProject
Project("{FAE04EC0-301F-11D3-BF4B-00C04F79EFBC}") = "K_Systems.Presentation.Web", "K_Systems.Presentation.Web\K_Systems.Presentation.Web.csproj", "{3110DCE0-AF11-4ED3-B8B8-467EE292E0B2}"
EndProject
Project("{FAE04EC0-301F-11D3-BF4B-00C04F79EFBC}") = "K_Systems.APIService", "K_Systems.APIService\K_Systems.APIService.csproj", "{33AA1401-065F-4B47-AE5F-C1A5DB310389}"
EndProject
Global
	GlobalSection(SolutionConfigurationPlatforms) = preSolution
		Debug|Any CPU = Debug|Any CPU
		Release|Any CPU = Release|Any CPU
	EndGlobalSection
	GlobalSection(ProjectConfigurationPlatforms) = postSolution
		{FB1DB4D0-5E60-4017-88E1-6431018CAAC8}.Debug|Any CPU.ActiveCfg = Debug|Any CPU
		{FB1DB4D0-5E60-4017-88E1-6431018CAAC8}.Debug|Any CPU.Build.0 = Debug|Any CPU
		{FB1DB4D0-5E60-4017-88E1-6431018CAAC8}.Release|Any CPU.ActiveCfg = Release|Any CPU
		{FB1DB4D0-5E60-4017-88E1-6431018CAAC8}.Release|Any CPU.Build.0 = Release|Any CPU
		{3110DCE0-AF11-4ED3-B8B8-467EE292E0B2}.Debug|Any CPU.ActiveCfg = Debug|Any CPU
		{3110DCE0-AF11-4ED3-B8B8-467EE292E0B2}.Debug|Any CPU.Build.0 = Debug|Any CPU
		{3110DCE0-AF11-4ED3-B8B8-467EE292E0B2}.Release|Any CPU.ActiveCfg = Release|Any CPU
		{3110DCE0-AF11-4ED3-B8B8-467EE292E0B2}.Release|Any CPU.Build.0 = Release|Any CPU
		{33AA1401-065F-4B47-AE5F-C1A5DB310389}.Debug|Any CPU.ActiveCfg = Debug|Any CPU
		{33AA1401-065F-4B47-AE5F-C1A5DB310389}.Debug|Any CPU.Build.0 = Debug|Any CPU
		{33AA1401-065F-4B47-AE5F-C1A5DB310389}.Release|Any CPU.ActiveCfg = Release|Any CPU
		{33AA1401-065F-4B47-AE5F-C1A5DB310389}.Release|Any CPU.Build.0 = Release|Any CPU
	EndGlobalSection
	GlobalSection(SolutionProperties) = preSolution
		HideSolutionNode = FALSE
	EndGlobalSection
	GlobalSection(ExtensibilityGlobals) = postSolution
		SolutionGuid = {A07A393D-4DCA-4680-BCAB-8C9C66EBC260}
	EndGlobalSection
EndGlobal
